
Microsoft Visual Studio Solution File, Format Version 12.00
# Visual Studio Version 17
VisualStudioVersion = 17.5.002.0
MinimumVisualStudioVersion = 10.0.40219.1
Project("{9A19103F-16F7-4668-BE54-9A1E7A4F7556}") = "nerd", "nerd.csproj", "{052A3BD9-80D4-49EA-A0A7-C9ED9CC85337}"
EndProject
Global
	GlobalSection(SolutionConfigurationPlatforms) = preSolution
		Debug|Any CPU = Debug|Any CPU
		Release|Any CPU = Release|Any CPU
	EndGlobalSection
	GlobalSection(ProjectConfigurationPlatforms) = postSolution
		{052A3BD9-80D4-49EA-A0A7-C9ED9CC85337}.Debug|Any CPU.ActiveCfg = Debug|Any CPU
		{052A3BD9-80D4-49EA-A0A7-C9ED9CC85337}.Debug|Any CPU.Build.0 = Debug|Any CPU
		{052A3BD9-80D4-49EA-A0A7-C9ED9CC85337}.Release|Any CPU.ActiveCfg = Release|Any CPU
		{052A3BD9-80D4-49EA-A0A7-C9ED9CC85337}.Release|Any CPU.Build.0 = Release|Any CPU
	EndGlobalSection
	GlobalSection(SolutionProperties) = preSolution
		HideSolutionNode = FALSE
	EndGlobalSection
	GlobalSection(ExtensibilityGlobals) = postSolution
		SolutionGuid = {7537CC97-B6FB-4DF9-ABE5-D488A707F50D}
	EndGlobalSection
EndGlobal
